# This file is automatically @generated by Poetry 1.6.1 and should not be changed by hand.

[[package]]
name = "click"
version = "8.1.7"
description = "Composable command line interface toolkit"
optional = false
python-versions = ">=3.7"
files = [
    {file = "click-8.1.7-py3-none-any.whl", hash = "sha256:ae74fb96c20a0277a1d615f1e4d73c8414f5a98db8b799a7931d1582f3390c28"},
    {file = "click-8.1.7.tar.gz", hash = "sha256:ca9853ad459e787e2192211578cc907e7594e294c7ccc834310722b41b9ca6de"},
]

[package.dependencies]
colorama = {version = "*", markers = "platform_system == \"Windows\""}

[[package]]
name = "colorama"
version = "0.4.6"
description = "Cross-platform colored terminal text."
optional = false
python-versions = "!=3.0.*,!=3.1.*,!=3.2.*,!=3.3.*,!=3.4.*,!=3.5.*,!=3.6.*,>=2.7"
files = [
    {file = "colorama-0.4.6-py2.py3-none-any.whl", hash = "sha256:4f1d9991f5acc0ca119f9d443620b77f9d6b33703e51011c16baf57afb285fc6"},
    {file = "colorama-0.4.6.tar.gz", hash = "sha256:08695f5cb7ed6e0531a20572697297273c47b8cae5a63ffc6d6ed5c201be6e44"},
]

[[package]]
name = "duckdb"
version = "0.10.3"
description = "DuckDB in-process database"
optional = false
python-versions = ">=3.7.0"
files = [
    {file = "duckdb-0.10.3-cp310-cp310-macosx_10_9_universal2.whl", hash = "sha256:cd25cc8d001c09a19340739ba59d33e12a81ab285b7a6bed37169655e1cefb31"},
    {file = "duckdb-0.10.3-cp310-cp310-macosx_10_9_x86_64.whl", hash = "sha256:2f9259c637b917ca0f4c63887e8d9b35ec248f5d987c886dfc4229d66a791009"},
    {file = "duckdb-0.10.3-cp310-cp310-macosx_11_0_arm64.whl", hash = "sha256:b48f5f1542f1e4b184e6b4fc188f497be8b9c48127867e7d9a5f4a3e334f88b0"},
    {file = "duckdb-0.10.3-cp310-cp310-manylinux_2_17_aarch64.manylinux2014_aarch64.whl", hash = "sha256:e327f7a3951ea154bb56e3fef7da889e790bd9a67ca3c36afc1beb17d3feb6d6"},
    {file = "duckdb-0.10.3-cp310-cp310-manylinux_2_17_x86_64.manylinux2014_x86_64.whl", hash = "sha256:5d8b20ed67da004b4481973f4254fd79a0e5af957d2382eac8624b5c527ec48c"},
    {file = "duckdb-0.10.3-cp310-cp310-manylinux_2_24_aarch64.manylinux_2_28_aarch64.whl", hash = "sha256:d37680b8d7be04e4709db3a66c8b3eb7ceba2a5276574903528632f2b2cc2e60"},
    {file = "duckdb-0.10.3-cp310-cp310-musllinux_1_2_x86_64.whl", hash = "sha256:3d34b86d6a2a6dfe8bb757f90bfe7101a3bd9e3022bf19dbddfa4b32680d26a9"},
    {file = "duckdb-0.10.3-cp310-cp310-win_amd64.whl", hash = "sha256:73b1cb283ca0f6576dc18183fd315b4e487a545667ffebbf50b08eb4e8cdc143"},
    {file = "duckdb-0.10.3-cp311-cp311-macosx_10_9_universal2.whl", hash = "sha256:d917dde19fcec8cadcbef1f23946e85dee626ddc133e1e3f6551f15a61a03c61"},
    {file = "duckdb-0.10.3-cp311-cp311-macosx_10_9_x86_64.whl", hash = "sha256:46757e0cf5f44b4cb820c48a34f339a9ccf83b43d525d44947273a585a4ed822"},
    {file = "duckdb-0.10.3-cp311-cp311-macosx_11_0_arm64.whl", hash = "sha256:338c14d8ac53ac4aa9ec03b6f1325ecfe609ceeb72565124d489cb07f8a1e4eb"},
    {file = "duckdb-0.10.3-cp311-cp311-manylinux_2_17_aarch64.manylinux2014_aarch64.whl", hash = "sha256:651fcb429602b79a3cf76b662a39e93e9c3e6650f7018258f4af344c816dab72"},
    {file = "duckdb-0.10.3-cp311-cp311-manylinux_2_17_x86_64.manylinux2014_x86_64.whl", hash = "sha256:d3ae3c73b98b6215dab93cc9bc936b94aed55b53c34ba01dec863c5cab9f8e25"},
    {file = "duckdb-0.10.3-cp311-cp311-manylinux_2_24_aarch64.manylinux_2_28_aarch64.whl", hash = "sha256:56429b2cfe70e367fb818c2be19f59ce2f6b080c8382c4d10b4f90ba81f774e9"},
    {file = "duckdb-0.10.3-cp311-cp311-musllinux_1_2_x86_64.whl", hash = "sha256:b46c02c2e39e3676b1bb0dc7720b8aa953734de4fd1b762e6d7375fbeb1b63af"},
    {file = "duckdb-0.10.3-cp311-cp311-win_amd64.whl", hash = "sha256:bcd460feef56575af2c2443d7394d405a164c409e9794a4d94cb5fdaa24a0ba4"},
    {file = "duckdb-0.10.3-cp312-cp312-macosx_10_9_universal2.whl", hash = "sha256:e229a7c6361afbb0d0ab29b1b398c10921263c52957aefe3ace99b0426fdb91e"},
    {file = "duckdb-0.10.3-cp312-cp312-macosx_10_9_x86_64.whl", hash = "sha256:732b1d3b6b17bf2f32ea696b9afc9e033493c5a3b783c292ca4b0ee7cc7b0e66"},
    {file = "duckdb-0.10.3-cp312-cp312-macosx_11_0_arm64.whl", hash = "sha256:f5380d4db11fec5021389fb85d614680dc12757ef7c5881262742250e0b58c75"},
    {file = "duckdb-0.10.3-cp312-cp312-manylinux_2_17_aarch64.manylinux2014_aarch64.whl", hash = "sha256:468a4e0c0b13c55f84972b1110060d1b0f854ffeb5900a178a775259ec1562db"},
    {file = "duckdb-0.10.3-cp312-cp312-manylinux_2_17_x86_64.manylinux2014_x86_64.whl", hash = "sha256:0fa1e7ff8d18d71defa84e79f5c86aa25d3be80d7cb7bc259a322de6d7cc72da"},
    {file = "duckdb-0.10.3-cp312-cp312-manylinux_2_24_aarch64.manylinux_2_28_aarch64.whl", hash = "sha256:ed1063ed97c02e9cf2e7fd1d280de2d1e243d72268330f45344c69c7ce438a01"},
    {file = "duckdb-0.10.3-cp312-cp312-musllinux_1_2_x86_64.whl", hash = "sha256:22f2aad5bb49c007f3bfcd3e81fdedbc16a2ae41f2915fc278724ca494128b0c"},
    {file = "duckdb-0.10.3-cp312-cp312-win_amd64.whl", hash = "sha256:8f9e2bb00a048eb70b73a494bdc868ce7549b342f7ffec88192a78e5a4e164bd"},
    {file = "duckdb-0.10.3-cp37-cp37m-macosx_10_9_x86_64.whl", hash = "sha256:a6c2fc49875b4b54e882d68703083ca6f84b27536d57d623fc872e2f502b1078"},
    {file = "duckdb-0.10.3-cp37-cp37m-manylinux_2_17_aarch64.manylinux2014_aarch64.whl", hash = "sha256:a66c125d0c30af210f7ee599e7821c3d1a7e09208196dafbf997d4e0cfcb81ab"},
    {file = "duckdb-0.10.3-cp37-cp37m-manylinux_2_17_x86_64.manylinux2014_x86_64.whl", hash = "sha256:d99dd7a1d901149c7a276440d6e737b2777e17d2046f5efb0c06ad3b8cb066a6"},
    {file = "duckdb-0.10.3-cp37-cp37m-manylinux_2_24_aarch64.manylinux_2_28_aarch64.whl", hash = "sha256:5ec3bbdb209e6095d202202893763e26c17c88293b88ef986b619e6c8b6715bd"},
    {file = "duckdb-0.10.3-cp37-cp37m-musllinux_1_2_x86_64.whl", hash = "sha256:2b3dec4ef8ed355d7b7230b40950b30d0def2c387a2e8cd7efc80b9d14134ecf"},
    {file = "duckdb-0.10.3-cp37-cp37m-win_amd64.whl", hash = "sha256:04129f94fb49bba5eea22f941f0fb30337f069a04993048b59e2811f52d564bc"},
    {file = "duckdb-0.10.3-cp38-cp38-macosx_10_9_universal2.whl", hash = "sha256:d75d67024fc22c8edfd47747c8550fb3c34fb1cbcbfd567e94939ffd9c9e3ca7"},
    {file = "duckdb-0.10.3-cp38-cp38-macosx_10_9_x86_64.whl", hash = "sha256:f3796e9507c02d0ddbba2e84c994fae131da567ce3d9cbb4cbcd32fadc5fbb26"},
    {file = "duckdb-0.10.3-cp38-cp38-macosx_11_0_arm64.whl", hash = "sha256:78e539d85ebd84e3e87ec44d28ad912ca4ca444fe705794e0de9be3dd5550c11"},
    {file = "duckdb-0.10.3-cp38-cp38-manylinux_2_17_aarch64.manylinux2014_aarch64.whl", hash = "sha256:7a99b67ac674b4de32073e9bc604b9c2273d399325181ff50b436c6da17bf00a"},
    {file = "duckdb-0.10.3-cp38-cp38-manylinux_2_17_x86_64.manylinux2014_x86_64.whl", hash = "sha256:1209a354a763758c4017a1f6a9f9b154a83bed4458287af9f71d84664ddb86b6"},
    {file = "duckdb-0.10.3-cp38-cp38-manylinux_2_24_aarch64.manylinux_2_28_aarch64.whl", hash = "sha256:3b735cea64aab39b67c136ab3a571dbf834067f8472ba2f8bf0341bc91bea820"},
    {file = "duckdb-0.10.3-cp38-cp38-musllinux_1_2_x86_64.whl", hash = "sha256:816ffb9f758ed98eb02199d9321d592d7a32a6cb6aa31930f4337eb22cfc64e2"},
    {file = "duckdb-0.10.3-cp38-cp38-win_amd64.whl", hash = "sha256:1631184b94c3dc38b13bce4045bf3ae7e1b0ecbfbb8771eb8d751d8ffe1b59b3"},
    {file = "duckdb-0.10.3-cp39-cp39-macosx_10_9_universal2.whl", hash = "sha256:fb98c35fc8dd65043bc08a2414dd9f59c680d7e8656295b8969f3f2061f26c52"},
    {file = "duckdb-0.10.3-cp39-cp39-macosx_10_9_x86_64.whl", hash = "sha256:7e75c9f5b6a92b2a6816605c001d30790f6d67ce627a2b848d4d6040686efdf9"},
    {file = "duckdb-0.10.3-cp39-cp39-macosx_11_0_arm64.whl", hash = "sha256:ae786eddf1c2fd003466e13393b9348a44b6061af6fe7bcb380a64cac24e7df7"},
    {file = "duckdb-0.10.3-cp39-cp39-manylinux_2_17_aarch64.manylinux2014_aarch64.whl", hash = "sha256:b9387da7b7973707b0dea2588749660dd5dd724273222680e985a2dd36787668"},
    {file = "duckdb-0.10.3-cp39-cp39-manylinux_2_17_x86_64.manylinux2014_x86_64.whl", hash = "sha256:538f943bf9fa8a3a7c4fafa05f21a69539d2c8a68e557233cbe9d989ae232899"},
    {file = "duckdb-0.10.3-cp39-cp39-manylinux_2_24_aarch64.manylinux_2_28_aarch64.whl", hash = "sha256:6930608f35025a73eb94252964f9f19dd68cf2aaa471da3982cf6694866cfa63"},
    {file = "duckdb-0.10.3-cp39-cp39-musllinux_1_2_x86_64.whl", hash = "sha256:03bc54a9cde5490918aad82d7d2a34290e3dfb78d5b889c6626625c0f141272a"},
    {file = "duckdb-0.10.3-cp39-cp39-win_amd64.whl", hash = "sha256:372b6e3901d85108cafe5df03c872dfb6f0dbff66165a0cf46c47246c1957aa0"},
    {file = "duckdb-0.10.3.tar.gz", hash = "sha256:c5bd84a92bc708d3a6adffe1f554b94c6e76c795826daaaf482afc3d9c636971"},
]

[[package]]
name = "exceptiongroup"
version = "1.2.1"
description = "Backport of PEP 654 (exception groups)"
optional = false
python-versions = ">=3.7"
files = [
    {file = "exceptiongroup-1.2.1-py3-none-any.whl", hash = "sha256:5258b9ed329c5bbdd31a309f53cbfb0b155341807f6ff7606a1e801a891b29ad"},
    {file = "exceptiongroup-1.2.1.tar.gz", hash = "sha256:a4785e48b045528f5bfe627b6ad554ff32def154f42372786903b7abcfe1aa16"},
]

[package.extras]
test = ["pytest (>=6)"]

[[package]]
name = "iniconfig"
version = "2.0.0"
description = "brain-dead simple config-ini parsing"
optional = false
python-versions = ">=3.7"
files = [
    {file = "iniconfig-2.0.0-py3-none-any.whl", hash = "sha256:b6a85871a79d2e3b22d2d1b94ac2824226a63c6b741c88f7ae975f18b6778374"},
    {file = "iniconfig-2.0.0.tar.gz", hash = "sha256:2d91e135bf72d31a410b17c16da610a82cb55f6b0477d1a902134b24a455b8b3"},
]

[[package]]
name = "markdown-it-py"
version = "3.0.0"
description = "Python port of markdown-it. Markdown parsing, done right!"
optional = false
python-versions = ">=3.8"
files = [
    {file = "markdown-it-py-3.0.0.tar.gz", hash = "sha256:e3f60a94fa066dc52ec76661e37c851cb232d92f9886b15cb560aaada2df8feb"},
    {file = "markdown_it_py-3.0.0-py3-none-any.whl", hash = "sha256:355216845c60bd96232cd8d8c40e8f9765cc86f46880e43a8fd22dc1a1a8cab1"},
]

[package.dependencies]
mdurl = ">=0.1,<1.0"

[package.extras]
benchmarking = ["psutil", "pytest", "pytest-benchmark"]
code-style = ["pre-commit (>=3.0,<4.0)"]
compare = ["commonmark (>=0.9,<1.0)", "markdown (>=3.4,<4.0)", "mistletoe (>=1.0,<2.0)", "mistune (>=2.0,<3.0)", "panflute (>=2.3,<3.0)"]
linkify = ["linkify-it-py (>=1,<3)"]
plugins = ["mdit-py-plugins"]
profiling = ["gprof2dot"]
rtd = ["jupyter_sphinx", "mdit-py-plugins", "myst-parser", "pyyaml", "sphinx", "sphinx-copybutton", "sphinx-design", "sphinx_book_theme"]
testing = ["coverage", "pytest", "pytest-cov", "pytest-regressions"]

[[package]]
name = "mdurl"
version = "0.1.2"
description = "Markdown URL utilities"
optional = false
python-versions = ">=3.7"
files = [
    {file = "mdurl-0.1.2-py3-none-any.whl", hash = "sha256:84008a41e51615a49fc9966191ff91509e3c40b939176e643fd50a5c2196b8f8"},
    {file = "mdurl-0.1.2.tar.gz", hash = "sha256:bb413d29f5eea38f31dd4754dd7377d4465116fb207585f97bf925588687c1ba"},
]

[[package]]
name = "packaging"
version = "24.0"
description = "Core utilities for Python packages"
optional = false
python-versions = ">=3.7"
files = [
    {file = "packaging-24.0-py3-none-any.whl", hash = "sha256:2ddfb553fdf02fb784c234c7ba6ccc288296ceabec964ad2eae3777778130bc5"},
    {file = "packaging-24.0.tar.gz", hash = "sha256:eb82c5e3e56209074766e6885bb04b8c38a0c015d0a30036ebe7ece34c9989e9"},
]

[[package]]
name = "pluggy"
version = "1.5.0"
description = "plugin and hook calling mechanisms for python"
optional = false
python-versions = ">=3.8"
files = [
    {file = "pluggy-1.5.0-py3-none-any.whl", hash = "sha256:44e1ad92c8ca002de6377e165f3e0f1be63266ab4d554740532335b9d75ea669"},
    {file = "pluggy-1.5.0.tar.gz", hash = "sha256:2cffa88e94fdc978c4c574f15f9e59b7f4201d439195c3715ca9e2486f1d0cf1"},
]

[package.extras]
dev = ["pre-commit", "tox"]
testing = ["pytest", "pytest-benchmark"]

[[package]]
name = "pygments"
version = "2.18.0"
description = "Pygments is a syntax highlighting package written in Python."
optional = false
python-versions = ">=3.8"
files = [
    {file = "pygments-2.18.0-py3-none-any.whl", hash = "sha256:b8e6aca0523f3ab76fee51799c488e38782ac06eafcf95e7ba832985c8e7b13a"},
    {file = "pygments-2.18.0.tar.gz", hash = "sha256:786ff802f32e91311bff3889f6e9a86e81505fe99f2735bb6d60ae0c5004f199"},
]

[package.extras]
windows-terminal = ["colorama (>=0.4.6)"]

[[package]]
name = "pytest"
version = "8.2.1"
description = "pytest: simple powerful testing with Python"
optional = false
python-versions = ">=3.8"
files = [
    {file = "pytest-8.2.1-py3-none-any.whl", hash = "sha256:faccc5d332b8c3719f40283d0d44aa5cf101cec36f88cde9ed8f2bc0538612b1"},
    {file = "pytest-8.2.1.tar.gz", hash = "sha256:5046e5b46d8e4cac199c373041f26be56fdb81eb4e67dc11d4e10811fc3408fd"},
]

[package.dependencies]
colorama = {version = "*", markers = "sys_platform == \"win32\""}
exceptiongroup = {version = ">=1.0.0rc8", markers = "python_version < \"3.11\""}
iniconfig = "*"
packaging = "*"
pluggy = ">=1.5,<2.0"
tomli = {version = ">=1", markers = "python_version < \"3.11\""}

[package.extras]
dev = ["argcomplete", "attrs (>=19.2)", "hypothesis (>=3.56)", "mock", "pygments (>=2.7.2)", "requests", "setuptools", "xmlschema"]

[[package]]
name = "rich"
version = "13.7.1"
description = "Render rich text, tables, progress bars, syntax highlighting, markdown and more to the terminal"
optional = false
python-versions = ">=3.7.0"
files = [
    {file = "rich-13.7.1-py3-none-any.whl", hash = "sha256:4edbae314f59eb482f54e9e30bf00d33350aaa94f4bfcd4e9e3110e64d0d7222"},
    {file = "rich-13.7.1.tar.gz", hash = "sha256:9be308cb1fe2f1f57d67ce99e95af38a1e2bc71ad9813b0e247cf7ffbcc3a432"},
]

[package.dependencies]
markdown-it-py = ">=2.2.0"
pygments = ">=2.13.0,<3.0.0"

[package.extras]
jupyter = ["ipywidgets (>=7.5.1,<9)"]

[[package]]
name = "ruff"
version = "0.4.5"
description = "An extremely fast Python linter and code formatter, written in Rust."
optional = false
python-versions = ">=3.7"
files = [
    {file = "ruff-0.4.5-py3-none-macosx_10_12_x86_64.whl", hash = "sha256:8f58e615dec58b1a6b291769b559e12fdffb53cc4187160a2fc83250eaf54e96"},
    {file = "ruff-0.4.5-py3-none-macosx_11_0_arm64.whl", hash = "sha256:84dd157474e16e3a82745d2afa1016c17d27cb5d52b12e3d45d418bcc6d49264"},
    {file = "ruff-0.4.5-py3-none-manylinux_2_17_aarch64.manylinux2014_aarch64.whl", hash = "sha256:25f483ad9d50b00e7fd577f6d0305aa18494c6af139bce7319c68a17180087f4"},
    {file = "ruff-0.4.5-py3-none-manylinux_2_17_armv7l.manylinux2014_armv7l.whl", hash = "sha256:63fde3bf6f3ad4e990357af1d30e8ba2730860a954ea9282c95fc0846f5f64af"},
    {file = "ruff-0.4.5-py3-none-manylinux_2_17_i686.manylinux2014_i686.whl", hash = "sha256:78e3ba4620dee27f76bbcad97067766026c918ba0f2d035c2fc25cbdd04d9c97"},
    {file = "ruff-0.4.5-py3-none-manylinux_2_17_ppc64.manylinux2014_ppc64.whl", hash = "sha256:441dab55c568e38d02bbda68a926a3d0b54f5510095c9de7f95e47a39e0168aa"},
    {file = "ruff-0.4.5-py3-none-manylinux_2_17_ppc64le.manylinux2014_ppc64le.whl", hash = "sha256:1169e47e9c4136c997f08f9857ae889d614c5035d87d38fda9b44b4338909cdf"},
    {file = "ruff-0.4.5-py3-none-manylinux_2_17_s390x.manylinux2014_s390x.whl", hash = "sha256:755ac9ac2598a941512fc36a9070a13c88d72ff874a9781493eb237ab02d75df"},
    {file = "ruff-0.4.5-py3-none-manylinux_2_17_x86_64.manylinux2014_x86_64.whl", hash = "sha256:f4b02a65985be2b34b170025a8b92449088ce61e33e69956ce4d316c0fe7cce0"},
    {file = "ruff-0.4.5-py3-none-musllinux_1_2_aarch64.whl", hash = "sha256:75a426506a183d9201e7e5664de3f6b414ad3850d7625764106f7b6d0486f0a1"},
    {file = "ruff-0.4.5-py3-none-musllinux_1_2_armv7l.whl", hash = "sha256:6e1b139b45e2911419044237d90b60e472f57285950e1492c757dfc88259bb06"},
    {file = "ruff-0.4.5-py3-none-musllinux_1_2_i686.whl", hash = "sha256:a6f29a8221d2e3d85ff0c7b4371c0e37b39c87732c969b4d90f3dad2e721c5b1"},
    {file = "ruff-0.4.5-py3-none-musllinux_1_2_x86_64.whl", hash = "sha256:d6ef817124d72b54cc923f3444828ba24fa45c3164bc9e8f1813db2f3d3a8a11"},
    {file = "ruff-0.4.5-py3-none-win32.whl", hash = "sha256:aed8166c18b1a169a5d3ec28a49b43340949e400665555b51ee06f22813ef062"},
    {file = "ruff-0.4.5-py3-none-win_amd64.whl", hash = "sha256:b0b03c619d2b4350b4a27e34fd2ac64d0dabe1afbf43de57d0f9d8a05ecffa45"},
    {file = "ruff-0.4.5-py3-none-win_arm64.whl", hash = "sha256:9d15de3425f53161b3f5a5658d4522e4eee5ea002bf2ac7aa380743dd9ad5fba"},
    {file = "ruff-0.4.5.tar.gz", hash = "sha256:286eabd47e7d4d521d199cab84deca135557e6d1e0f0d01c29e757c3cb151b54"},
]

[[package]]
name = "shellingham"
version = "1.5.4"
description = "Tool to Detect Surrounding Shell"
optional = false
python-versions = ">=3.7"
files = [
    {file = "shellingham-1.5.4-py2.py3-none-any.whl", hash = "sha256:7ecfff8f2fd72616f7481040475a65b2bf8af90a56c89140852d1120324e8686"},
    {file = "shellingham-1.5.4.tar.gz", hash = "sha256:8dbca0739d487e5bd35ab3ca4b36e11c4078f3a234bfce294b0a0291363404de"},
]

[[package]]
name = "tomli"
version = "2.0.1"
description = "A lil' TOML parser"
optional = false
python-versions = ">=3.7"
files = [
    {file = "tomli-2.0.1-py3-none-any.whl", hash = "sha256:939de3e7a6161af0c887ef91b7d41a53e7c5a1ca976325f429cb46ea9bc30ecc"},
    {file = "tomli-2.0.1.tar.gz", hash = "sha256:de526c12914f0c550d15924c62d72abc48d6fe7364aa87328337a31007fe8a4f"},
]

[[package]]
name = "typer"
version = "0.12.3"
description = "Typer, build great CLIs. Easy to code. Based on Python type hints."
optional = false
python-versions = ">=3.7"
files = [
    {file = "typer-0.12.3-py3-none-any.whl", hash = "sha256:070d7ca53f785acbccba8e7d28b08dcd88f79f1fbda035ade0aecec71ca5c914"},
    {file = "typer-0.12.3.tar.gz", hash = "sha256:49e73131481d804288ef62598d97a1ceef3058905aa536a1134f90891ba35482"},
]

[package.dependencies]
click = ">=8.0.0"
rich = ">=10.11.0"
shellingham = ">=1.3.0"
typing-extensions = ">=3.7.4.3"

[[package]]
name = "typing-extensions"
version = "4.12.0"
description = "Backported and Experimental Type Hints for Python 3.8+"
optional = false
python-versions = ">=3.8"
files = [
    {file = "typing_extensions-4.12.0-py3-none-any.whl", hash = "sha256:b349c66bea9016ac22978d800cfff206d5f9816951f12a7d0ec5578b0a819594"},
    {file = "typing_extensions-4.12.0.tar.gz", hash = "sha256:8cbcdc8606ebcb0d95453ad7dc5065e6237b6aa230a31e81d0f440c30fed5fd8"},
]

[metadata]
lock-version = "2.0"
python-versions = "^3.10"
content-hash = "849e4f4138c662b66b4667888f3cf7c3923bd37ea8d4fa603d8838406733c7c9"
